// !$*UTF8*$!
{
	archiveVersion = 1;
	classes = {
	};
	objectVersion = 51;
	objects = {

/* Begin PBXBuildFile section */
		3C022A9F2673473D00B129B0 /* Presenter.swift in Sources */ = {isa = PBXBuildFile; fileRef = 3C022A9E2673473D00B129B0 /* Presenter.swift */; };
		3C022AA22673474D00B129B0 /* IPresenter.swift in Sources */ = {isa = PBXBuildFile; fileRef = 3C022AA12673474D00B129B0 /* IPresenter.swift */; };
		3C022AA52673475700B129B0 /* IView.swift in Sources */ = {isa = PBXBuildFile; fileRef = 3C022AA42673475700B129B0 /* IView.swift */; };
		3C022AA8267362E900B129B0 /* CoreDataManager.swift in Sources */ = {isa = PBXBuildFile; fileRef = 3C022AA7267362E900B129B0 /* CoreDataManager.swift */; };
		3C022AAB2673675C00B129B0 /* ICoreDataManager.swift in Sources */ = {isa = PBXBuildFile; fileRef = 3C022AAA2673675C00B129B0 /* ICoreDataManager.swift */; };
		92AB69E11A19809674190FAE /* Pods_homework_8.framework in Frameworks */ = {isa = PBXBuildFile; fileRef = CDB1A17A3CAEC176BA74EC79 /* Pods_homework_8.framework */; };
		F5387C6326710B6B00EBE93E /* AppDelegate.swift in Sources */ = {isa = PBXBuildFile; fileRef = F5387C6226710B6B00EBE93E /* AppDelegate.swift */; };
		F5387C6526710B6B00EBE93E /* SceneDelegate.swift in Sources */ = {isa = PBXBuildFile; fileRef = F5387C6426710B6B00EBE93E /* SceneDelegate.swift */; };
		F5387C6726710B6B00EBE93E /* ViewController.swift in Sources */ = {isa = PBXBuildFile; fileRef = F5387C6626710B6B00EBE93E /* ViewController.swift */; };
		F5387C6A26710B6B00EBE93E /* Main.storyboard in Resources */ = {isa = PBXBuildFile; fileRef = F5387C6826710B6B00EBE93E /* Main.storyboard */; };
		F5387C6D26710B6B00EBE93E /* homework_8.xcdatamodeld in Sources */ = {isa = PBXBuildFile; fileRef = F5387C6B26710B6B00EBE93E /* homework_8.xcdatamodeld */; };
		F5387C6F26710B6E00EBE93E /* Assets.xcassets in Resources */ = {isa = PBXBuildFile; fileRef = F5387C6E26710B6E00EBE93E /* Assets.xcassets */; };
		F5387C7226710B6E00EBE93E /* LaunchScreen.storyboard in Resources */ = {isa = PBXBuildFile; fileRef = F5387C7026710B6E00EBE93E /* LaunchScreen.storyboard */; };
/* End PBXBuildFile section */

/* Begin PBXFileReference section */
		1194AEB0EFE4A122D3EED84F /* Pods-homework-8.debug.xcconfig */ = {isa = PBXFileReference; includeInIndex = 1; lastKnownFileType = text.xcconfig; name = "Pods-homework-8.debug.xcconfig"; path = "Target Support Files/Pods-homework-8/Pods-homework-8.debug.xcconfig"; sourceTree = "<group>"; };
		3C022A9E2673473D00B129B0 /* Presenter.swift */ = {isa = PBXFileReference; lastKnownFileType = sourcecode.swift; path = Presenter.swift; sourceTree = "<group>"; };
		3C022AA12673474D00B129B0 /* IPresenter.swift */ = {isa = PBXFileReference; lastKnownFileType = sourcecode.swift; path = IPresenter.swift; sourceTree = "<group>"; };
		3C022AA42673475700B129B0 /* IView.swift */ = {isa = PBXFileReference; lastKnownFileType = sourcecode.swift; path = IView.swift; sourceTree = "<group>"; };
		3C022AA7267362E900B129B0 /* CoreDataManager.swift */ = {isa = PBXFileReference; lastKnownFileType = sourcecode.swift; path = CoreDataManager.swift; sourceTree = "<group>"; };
		3C022AAA2673675C00B129B0 /* ICoreDataManager.swift */ = {isa = PBXFileReference; lastKnownFileType = sourcecode.swift; path = ICoreDataManager.swift; sourceTree = "<group>"; };
		98F779CDD0911596240D65AE /* Pods-homework-8.release.xcconfig */ = {isa = PBXFileReference; includeInIndex = 1; lastKnownFileType = text.xcconfig; name = "Pods-homework-8.release.xcconfig"; path = "Target Support Files/Pods-homework-8/Pods-homework-8.release.xcconfig"; sourceTree = "<group>"; };
		CDB1A17A3CAEC176BA74EC79 /* Pods_homework_8.framework */ = {isa = PBXFileReference; explicitFileType = wrapper.framework; includeInIndex = 0; path = Pods_homework_8.framework; sourceTree = BUILT_PRODUCTS_DIR; };
		F5387C5F26710B6B00EBE93E /* homework-8.app */ = {isa = PBXFileReference; explicitFileType = wrapper.application; includeInIndex = 0; path = "homework-8.app"; sourceTree = BUILT_PRODUCTS_DIR; };
		F5387C6226710B6B00EBE93E /* AppDelegate.swift */ = {isa = PBXFileReference; lastKnownFileType = sourcecode.swift; path = AppDelegate.swift; sourceTree = "<group>"; };
		F5387C6426710B6B00EBE93E /* SceneDelegate.swift */ = {isa = PBXFileReference; lastKnownFileType = sourcecode.swift; path = SceneDelegate.swift; sourceTree = "<group>"; };
		F5387C6626710B6B00EBE93E /* ViewController.swift */ = {isa = PBXFileReference; lastKnownFileType = sourcecode.swift; path = ViewController.swift; sourceTree = "<group>"; };
		F5387C6926710B6B00EBE93E /* Base */ = {isa = PBXFileReference; lastKnownFileType = file.storyboard; name = Base; path = Base.lproj/Main.storyboard; sourceTree = "<group>"; };
		F5387C6C26710B6B00EBE93E /* homework_8.xcdatamodel */ = {isa = PBXFileReference; lastKnownFileType = wrapper.xcdatamodel; path = homework_8.xcdatamodel; sourceTree = "<group>"; };
		F5387C6E26710B6E00EBE93E /* Assets.xcassets */ = {isa = PBXFileReference; lastKnownFileType = folder.assetcatalog; path = Assets.xcassets; sourceTree = "<group>"; };
		F5387C7126710B6E00EBE93E /* Base */ = {isa = PBXFileReference; lastKnownFileType = file.storyboard; name = Base; path = Base.lproj/LaunchScreen.storyboard; sourceTree = "<group>"; };
		F5387C7326710B6E00EBE93E /* Info.plist */ = {isa = PBXFileReference; lastKnownFileType = text.plist.xml; path = Info.plist; sourceTree = "<group>"; };
/* End PBXFileReference section */

/* Begin PBXFrameworksBuildPhase section */
		F5387C5C26710B6B00EBE93E /* Frameworks */ = {
			isa = PBXFrameworksBuildPhase;
			buildActionMask = 2147483647;
			files = (
				92AB69E11A19809674190FAE /* Pods_homework_8.framework in Frameworks */,
			);
			runOnlyForDeploymentPostprocessing = 0;
		};
/* End PBXFrameworksBuildPhase section */

/* Begin PBXGroup section */
		659229D97298622C7A135C97 /* Frameworks */ = {
			isa = PBXGroup;
			children = (
				CDB1A17A3CAEC176BA74EC79 /* Pods_homework_8.framework */,
			);
			name = Frameworks;
			sourceTree = "<group>";
		};
		D6C6793C6195A11B87BE5AC1 /* Pods */ = {
			isa = PBXGroup;
			children = (
				1194AEB0EFE4A122D3EED84F /* Pods-homework-8.debug.xcconfig */,
				98F779CDD0911596240D65AE /* Pods-homework-8.release.xcconfig */,
			);
			path = Pods;
			sourceTree = "<group>";
		};
		F5387C5626710B6B00EBE93E = {
			isa = PBXGroup;
			children = (
				F5387C6126710B6B00EBE93E /* homework-8 */,
				F5387C6026710B6B00EBE93E /* Products */,
				D6C6793C6195A11B87BE5AC1 /* Pods */,
				659229D97298622C7A135C97 /* Frameworks */,
			);
			sourceTree = "<group>";
		};
		F5387C6026710B6B00EBE93E /* Products */ = {
			isa = PBXGroup;
			children = (
				F5387C5F26710B6B00EBE93E /* homework-8.app */,
			);
			name = Products;
			sourceTree = "<group>";
		};
		F5387C6126710B6B00EBE93E /* homework-8 */ = {
			isa = PBXGroup;
			children = (
				F5387C6226710B6B00EBE93E /* AppDelegate.swift */,
				F5387C6426710B6B00EBE93E /* SceneDelegate.swift */,
				F5387C6626710B6B00EBE93E /* ViewController.swift */,
				3C022A9E2673473D00B129B0 /* Presenter.swift */,
				3C022AA12673474D00B129B0 /* IPresenter.swift */,
				3C022AA7267362E900B129B0 /* CoreDataManager.swift */,
				3C022AAA2673675C00B129B0 /* ICoreDataManager.swift */,
				3C022AA42673475700B129B0 /* IView.swift */,
				F5387C6826710B6B00EBE93E /* Main.storyboard */,
				F5387C6E26710B6E00EBE93E /* Assets.xcassets */,
				F5387C7026710B6E00EBE93E /* LaunchScreen.storyboard */,
				F5387C7326710B6E00EBE93E /* Info.plist */,
				F5387C6B26710B6B00EBE93E /* homework_8.xcdatamodeld */,
			);
			path = "homework-8";
			sourceTree = "<group>";
		};
/* End PBXGroup section */

/* Begin PBXNativeTarget section */
		F5387C5E26710B6B00EBE93E /* homework-8 */ = {
			isa = PBXNativeTarget;
			buildConfigurationList = F5387C7626710B6E00EBE93E /* Build configuration list for PBXNativeTarget "homework-8" */;
			buildPhases = (
				6C8576E6F2AE21F8A591A2C2 /* [CP] Check Pods Manifest.lock */,
				F5387C5B26710B6B00EBE93E /* Sources */,
				F5387C5C26710B6B00EBE93E /* Frameworks */,
				F5387C5D26710B6B00EBE93E /* Resources */,
				911E1AE53B08D3BB86C4A569 /* [CP] Embed Pods Frameworks */,
			);
			buildRules = (
			);
			dependencies = (
			);
			name = "homework-8";
			productName = "homework-8";
			productReference = F5387C5F26710B6B00EBE93E /* homework-8.app */;
			productType = "com.apple.product-type.application";
		};
/* End PBXNativeTarget section */

/* Begin PBXProject section */
		F5387C5726710B6B00EBE93E /* Project object */ = {
			isa = PBXProject;
			attributes = {
				LastSwiftUpdateCheck = 1230;
				LastUpgradeCheck = 1230;
				TargetAttributes = {
					F5387C5E26710B6B00EBE93E = {
						CreatedOnToolsVersion = 12.3;
					};
				};
			};
			buildConfigurationList = F5387C5A26710B6B00EBE93E /* Build configuration list for PBXProject "homework-8" */;
			compatibilityVersion = "Xcode 9.3";
			developmentRegion = en;
			hasScannedForEncodings = 0;
			knownRegions = (
				en,
				Base,
			);
			mainGroup = F5387C5626710B6B00EBE93E;
			productRefGroup = F5387C6026710B6B00EBE93E /* Products */;
			projectDirPath = "";
			projectRoot = "";
			targets = (
				F5387C5E26710B6B00EBE93E /* homework-8 */,
			);
		};
/* End PBXProject section */

/* Begin PBXResourcesBuildPhase section */
		F5387C5D26710B6B00EBE93E /* Resources */ = {
			isa = PBXResourcesBuildPhase;
			buildActionMask = 2147483647;
			files = (
				F5387C7226710B6E00EBE93E /* LaunchScreen.storyboard in Resources */,
				F5387C6F26710B6E00EBE93E /* Assets.xcassets in Resources */,
				F5387C6A26710B6B00EBE93E /* Main.storyboard in Resources */,
			);
			runOnlyForDeploymentPostprocessing = 0;
		};
/* End PBXResourcesBuildPhase section */

/* Begin PBXShellScriptBuildPhase section */
		6C8576E6F2AE21F8A591A2C2 /* [CP] Check Pods Manifest.lock */ = {
			isa = PBXShellScriptBuildPhase;
			buildActionMask = 2147483647;
			files = (
			);
			inputFileListPaths = (
			);
			inputPaths = (
				"${PODS_PODFILE_DIR_PATH}/Podfile.lock",
				"${PODS_ROOT}/Manifest.lock",
			);
			name = "[CP] Check Pods Manifest.lock";
			outputFileListPaths = (
			);
			outputPaths = (
				"$(DERIVED_FILE_DIR)/Pods-homework-8-checkManifestLockResult.txt",
			);
			runOnlyForDeploymentPostprocessing = 0;
			shellPath = /bin/sh;
			shellScript = "diff \"${PODS_PODFILE_DIR_PATH}/Podfile.lock\" \"${PODS_ROOT}/Manifest.lock\" > /dev/null\nif [ $? != 0 ] ; then\n    # print error to STDERR\n    echo \"error: The sandbox is not in sync with the Podfile.lock. Run 'pod install' or update your CocoaPods installation.\" >&2\n    exit 1\nfi\n# This output is used by Xcode 'outputs' to avoid re-running this script phase.\necho \"SUCCESS\" > \"${SCRIPT_OUTPUT_FILE_0}\"\n";
			showEnvVarsInLog = 0;
		};
		911E1AE53B08D3BB86C4A569 /* [CP] Embed Pods Frameworks */ = {
			isa = PBXShellScriptBuildPhase;
			buildActionMask = 2147483647;
			files = (
			);
			inputFileListPaths = (
				"${PODS_ROOT}/Target Support Files/Pods-homework-8/Pods-homework-8-frameworks-${CONFIGURATION}-input-files.xcfilelist",
			);
			name = "[CP] Embed Pods Frameworks";
			outputFileListPaths = (
				"${PODS_ROOT}/Target Support Files/Pods-homework-8/Pods-homework-8-frameworks-${CONFIGURATION}-output-files.xcfilelist",
			);
			runOnlyForDeploymentPostprocessing = 0;
			shellPath = /bin/sh;
			shellScript = "\"${PODS_ROOT}/Target Support Files/Pods-homework-8/Pods-homework-8-frameworks.sh\"\n";
			showEnvVarsInLog = 0;
		};
/* End PBXShellScriptBuildPhase section */

/* Begin PBXSourcesBuildPhase section */
		F5387C5B26710B6B00EBE93E /* Sources */ = {
			isa = PBXSourcesBuildPhase;
			buildActionMask = 2147483647;
			files = (
				3C022AAB2673675C00B129B0 /* ICoreDataManager.swift in Sources */,
				F5387C6726710B6B00EBE93E /* ViewController.swift in Sources */,
				3C022AA52673475700B129B0 /* IView.swift in Sources */,
				F5387C6326710B6B00EBE93E /* AppDelegate.swift in Sources */,
				F5387C6D26710B6B00EBE93E /* homework_8.xcdatamodeld in Sources */,
				F5387C6526710B6B00EBE93E /* SceneDelegate.swift in Sources */,
				3C022AA22673474D00B129B0 /* IPresenter.swift in Sources */,
				3C022AA8267362E900B129B0 /* CoreDataManager.swift in Sources */,
				3C022A9F2673473D00B129B0 /* Presenter.swift in Sources */,
			);
			runOnlyForDeploymentPostprocessing = 0;
		};
/* End PBXSourcesBuildPhase section */

/* Begin PBXVariantGroup section */
		F5387C6826710B6B00EBE93E /* Main.storyboard */ = {
			isa = PBXVariantGroup;
			children = (
				F5387C6926710B6B00EBE93E /* Base */,
			);
			name = Main.storyboard;
			sourceTree = "<group>";
		};
		F5387C7026710B6E00EBE93E /* LaunchScreen.storyboard */ = {
			isa = PBXVariantGroup;
			children = (
				F5387C7126710B6E00EBE93E /* Base */,
			);
			name = LaunchScreen.storyboard;
			sourceTree = "<group>";
		};
/* End PBXVariantGroup section */

/* Begin XCBuildConfiguration section */
		F5387C7426710B6E00EBE93E /* Debug */ = {
			isa = XCBuildConfiguration;
			buildSettings = {
				ALWAYS_SEARCH_USER_PATHS = NO;
				CLANG_ANALYZER_NONNULL = YES;
				CLANG_ANALYZER_NUMBER_OBJECT_CONVERSION = YES_AGGRESSIVE;
				CLANG_CXX_LANGUAGE_STANDARD = "gnu++14";
				CLANG_CXX_LIBRARY = "libc++";
				CLANG_ENABLE_MODULES = YES;
				CLANG_ENABLE_OBJC_ARC = YES;
				CLANG_ENABLE_OBJC_WEAK = YES;
				CLANG_WARN_BLOCK_CAPTURE_AUTORELEASING = YES;
				CLANG_WARN_BOOL_CONVERSION = YES;
				CLANG_WARN_COMMA = YES;
				CLANG_WARN_CONSTANT_CONVERSION = YES;
				CLANG_WARN_DEPRECATED_OBJC_IMPLEMENTATIONS = YES;
				CLANG_WARN_DIRECT_OBJC_ISA_USAGE = YES_ERROR;
				CLANG_WARN_DOCUMENTATION_COMMENTS = YES;
				CLANG_WARN_EMPTY_BODY = YES;
				CLANG_WARN_ENUM_CONVERSION = YES;
				CLANG_WARN_INFINITE_RECURSION = YES;
				CLANG_WARN_INT_CONVERSION = YES;
				CLANG_WARN_NON_LITERAL_NULL_CONVERSION = YES;
				CLANG_WARN_OBJC_IMPLICIT_RETAIN_SELF = YES;
				CLANG_WARN_OBJC_LITERAL_CONVERSION = YES;
				CLANG_WARN_OBJC_ROOT_CLASS = YES_ERROR;
				CLANG_WARN_QUOTED_INCLUDE_IN_FRAMEWORK_HEADER = YES;
				CLANG_WARN_RANGE_LOOP_ANALYSIS = YES;
				CLANG_WARN_STRICT_PROTOTYPES = YES;
				CLANG_WARN_SUSPICIOUS_MOVE = YES;
				CLANG_WARN_UNGUARDED_AVAILABILITY = YES_AGGRESSIVE;
				CLANG_WARN_UNREACHABLE_CODE = YES;
				CLANG_WARN__DUPLICATE_METHOD_MATCH = YES;
				COPY_PHASE_STRIP = NO;
				DEBUG_INFORMATION_FORMAT = dwarf;
				ENABLE_STRICT_OBJC_MSGSEND = YES;
				ENABLE_TESTABILITY = YES;
				GCC_C_LANGUAGE_STANDARD = gnu11;
				GCC_DYNAMIC_NO_PIC = NO;
				GCC_NO_COMMON_BLOCKS = YES;
				GCC_OPTIMIZATION_LEVEL = 0;
				GCC_PREPROCESSOR_DEFINITIONS = (
					"DEBUG=1",
					"$(inherited)",
				);
				GCC_WARN_64_TO_32_BIT_CONVERSION = YES;
				GCC_WARN_ABOUT_RETURN_TYPE = YES_ERROR;
				GCC_WARN_UNDECLARED_SELECTOR = YES;
				GCC_WARN_UNINITIALIZED_AUTOS = YES_AGGRESSIVE;
				GCC_WARN_UNUSED_FUNCTION = YES;
				GCC_WARN_UNUSED_VARIABLE = YES;
				IPHONEOS_DEPLOYMENT_TARGET = 14.3;
				MTL_ENABLE_DEBUG_INFO = INCLUDE_SOURCE;
				MTL_FAST_MATH = YES;
				ONLY_ACTIVE_ARCH = YES;
				SDKROOT = iphoneos;
				SWIFT_ACTIVE_COMPILATION_CONDITIONS = DEBUG;
				SWIFT_OPTIMIZATION_LEVEL = "-Onone";
			};
			name = Debug;
		};
		F5387C7526710B6E00EBE93E /* Release */ = {
			isa = XCBuildConfiguration;
			buildSettings = {
				ALWAYS_SEARCH_USER_PATHS = NO;
				CLANG_ANALYZER_NONNULL = YES;
				CLANG_ANALYZER_NUMBER_OBJECT_CONVERSION = YES_AGGRESSIVE;
				CLANG_CXX_LANGUAGE_STANDARD = "gnu++14";
				CLANG_CXX_LIBRARY = "libc++";
				CLANG_ENABLE_MODULES = YES;
				CLANG_ENABLE_OBJC_ARC = YES;
				CLANG_ENABLE_OBJC_WEAK = YES;
				CLANG_WARN_BLOCK_CAPTURE_AUTORELEASING = YES;
				CLANG_WARN_BOOL_CONVERSION = YES;
				CLANG_WARN_COMMA = YES;
				CLANG_WARN_CONSTANT_CONVERSION = YES;
				CLANG_WARN_DEPRECATED_OBJC_IMPLEMENTATIONS = YES;
				CLANG_WARN_DIRECT_OBJC_ISA_USAGE = YES_ERROR;
				CLANG_WARN_DOCUMENTATION_COMMENTS = YES;
				CLANG_WARN_EMPTY_BODY = YES;
				CLANG_WARN_ENUM_CONVERSION = YES;
				CLANG_WARN_INFINITE_RECURSION = YES;
				CLANG_WARN_INT_CONVERSION = YES;
				CLANG_WARN_NON_LITERAL_NULL_CONVERSION = YES;
				CLANG_WARN_OBJC_IMPLICIT_RETAIN_SELF = YES;
				CLANG_WARN_OBJC_LITERAL_CONVERSION = YES;
				CLANG_WARN_OBJC_ROOT_CLASS = YES_ERROR;
				CLANG_WARN_QUOTED_INCLUDE_IN_FRAMEWORK_HEADER = YES;
				CLANG_WARN_RANGE_LOOP_ANALYSIS = YES;
				CLANG_WARN_STRICT_PROTOTYPES = YES;
				CLANG_WARN_SUSPICIOUS_MOVE = YES;
				CLANG_WARN_UNGUARDED_AVAILABILITY = YES_AGGRESSIVE;
				CLANG_WARN_UNREACHABLE_CODE = YES;
				CLANG_WARN__DUPLICATE_METHOD_MATCH = YES;
				COPY_PHASE_STRIP = NO;
				DEBUG_INFORMATION_FORMAT = "dwarf-with-dsym";
				ENABLE_NS_ASSERTIONS = NO;
				ENABLE_STRICT_OBJC_MSGSEND = YES;
				GCC_C_LANGUAGE_STANDARD = gnu11;
				GCC_NO_COMMON_BLOCKS = YES;
				GCC_WARN_64_TO_32_BIT_CONVERSION = YES;
				GCC_WARN_ABOUT_RETURN_TYPE = YES_ERROR;
				GCC_WARN_UNDECLARED_SELECTOR = YES;
				GCC_WARN_UNINITIALIZED_AUTOS = YES_AGGRESSIVE;
				GCC_WARN_UNUSED_FUNCTION = YES;
				GCC_WARN_UNUSED_VARIABLE = YES;
				IPHONEOS_DEPLOYMENT_TARGET = 14.3;
				MTL_ENABLE_DEBUG_INFO = NO;
				MTL_FAST_MATH = YES;
				SDKROOT = iphoneos;
				SWIFT_COMPILATION_MODE = wholemodule;
				SWIFT_OPTIMIZATION_LEVEL = "-O";
				VALIDATE_PRODUCT = YES;
			};
			name = Release;
		};
		F5387C7726710B6E00EBE93E /* Debug */ = {
			isa = XCBuildConfiguration;
			baseConfigurationReference = 1194AEB0EFE4A122D3EED84F /* Pods-homework-8.debug.xcconfig */;
			buildSettings = {
				ASSETCATALOG_COMPILER_APPICON_NAME = AppIcon;
				ASSETCATALOG_COMPILER_GLOBAL_ACCENT_COLOR_NAME = AccentColor;
				CODE_SIGN_STYLE = Automatic;
				DEVELOPMENT_TEAM = 6PXD6WC3AQ;
				INFOPLIST_FILE = "homework-8/Info.plist";
				LD_RUNPATH_SEARCH_PATHS = (
					"$(inherited)",
					"@executable_path/Frameworks",
				);
				PRODUCT_BUNDLE_IDENTIFIER = "-.homework-8";
				PRODUCT_NAME = "$(TARGET_NAME)";
				SWIFT_VERSION = 5.0;
				TARGETED_DEVICE_FAMILY = "1,2";
			};
			name = Debug;
		};
		F5387C7826710B6E00EBE93E /* Release */ = {
			isa = XCBuildConfiguration;
			baseConfigurationReference = 98F779CDD0911596240D65AE /* Pods-homework-8.release.xcconfig */;
			buildSettings = {
				ASSETCATALOG_COMPILER_APPICON_NAME = AppIcon;
				ASSETCATALOG_COMPILER_GLOBAL_ACCENT_COLOR_NAME = AccentColor;
				CODE_SIGN_STYLE = Automatic;
				DEVELOPMENT_TEAM = 6PXD6WC3AQ;
				INFOPLIST_FILE = "homework-8/Info.plist";
				LD_RUNPATH_SEARCH_PATHS = (
					"$(inherited)",
					"@executable_path/Frameworks",
				);
				PRODUCT_BUNDLE_IDENTIFIER = "-.homework-8";
				PRODUCT_NAME = "$(TARGET_NAME)";
				SWIFT_VERSION = 5.0;
				TARGETED_DEVICE_FAMILY = "1,2";
			};
			name = Release;
		};
/* End XCBuildConfiguration section */

/* Begin XCConfigurationList section */
		F5387C5A26710B6B00EBE93E /* Build configuration list for PBXProject "homework-8" */ = {
			isa = XCConfigurationList;
			buildConfigurations = (
				F5387C7426710B6E00EBE93E /* Debug */,
				F5387C7526710B6E00EBE93E /* Release */,
			);
			defaultConfigurationIsVisible = 0;
			defaultConfigurationName = Release;
		};
		F5387C7626710B6E00EBE93E /* Build configuration list for PBXNativeTarget "homework-8" */ = {
			isa = XCConfigurationList;
			buildConfigurations = (
				F5387C7726710B6E00EBE93E /* Debug */,
				F5387C7826710B6E00EBE93E /* Release */,
			);
			defaultConfigurationIsVisible = 0;
			defaultConfigurationName = Release;
		};
/* End XCConfigurationList section */

/* Begin XCVersionGroup section */
		F5387C6B26710B6B00EBE93E /* homework_8.xcdatamodeld */ = {
			isa = XCVersionGroup;
			children = (
				F5387C6C26710B6B00EBE93E /* homework_8.xcdatamodel */,
			);
			currentVersion = F5387C6C26710B6B00EBE93E /* homework_8.xcdatamodel */;
			path = homework_8.xcdatamodeld;
			sourceTree = "<group>";
			versionGroupType = wrapper.xcdatamodel;
		};
/* End XCVersionGroup section */
	};
	rootObject = F5387C5726710B6B00EBE93E /* Project object */;
}
